
Microsoft Visual Studio Solution File, Format Version 12.00
# Visual Studio 15
VisualStudioVersion = 15.0.28307.329
MinimumVisualStudioVersion = 10.0.40219.1
Project("{FAE04EC0-301F-11D3-BF4B-00C04F79EFBC}") = "GenericCollections", "GenericCollectionsLibrary\GenericCollections.csproj", "{89260AE5-9BCA-49C0-BCB6-5801957A4E9B}"
EndProject
Project("{FAE04EC0-301F-11D3-BF4B-00C04F79EFBC}") = "TestGenericCollections", "TestGenericCollections\TestGenericCollections.csproj", "{2E3C1895-5F19-4E77-B740-9D7B9AC4405F}"
EndProject
Global
	GlobalSection(SolutionConfigurationPlatforms) = preSolution
		Debug|Any CPU = Debug|Any CPU
		Release|Any CPU = Release|Any CPU
	EndGlobalSection
	GlobalSection(ProjectConfigurationPlatforms) = postSolution
		{89260AE5-9BCA-49C0-BCB6-5801957A4E9B}.Debug|Any CPU.ActiveCfg = Debug|Any CPU
		{89260AE5-9BCA-49C0-BCB6-5801957A4E9B}.Debug|Any CPU.Build.0 = Debug|Any CPU
		{89260AE5-9BCA-49C0-BCB6-5801957A4E9B}.Release|Any CPU.ActiveCfg = Release|Any CPU
		{89260AE5-9BCA-49C0-BCB6-5801957A4E9B}.Release|Any CPU.Build.0 = Release|Any CPU
		{2E3C1895-5F19-4E77-B740-9D7B9AC4405F}.Debug|Any CPU.ActiveCfg = Debug|Any CPU
		{2E3C1895-5F19-4E77-B740-9D7B9AC4405F}.Debug|Any CPU.Build.0 = Debug|Any CPU
		{2E3C1895-5F19-4E77-B740-9D7B9AC4405F}.Release|Any CPU.ActiveCfg = Release|Any CPU
		{2E3C1895-5F19-4E77-B740-9D7B9AC4405F}.Release|Any CPU.Build.0 = Release|Any CPU
	EndGlobalSection
	GlobalSection(SolutionProperties) = preSolution
		HideSolutionNode = FALSE
	EndGlobalSection
	GlobalSection(ExtensibilityGlobals) = postSolution
		SolutionGuid = {BC498BFC-F66F-46FC-9A93-7E4A3720CB7A}
	EndGlobalSection
EndGlobal
